
Microsoft Visual Studio Solution File, Format Version 12.00
# Visual Studio Version 17
VisualStudioVersion = 17.13.35818.85 d17.13
MinimumVisualStudioVersion = 10.0.40219.1
Project("{FAE04EC0-301F-11D3-BF4B-00C04F79EFBC}") = "Factory method pattern", "Factory method pattern.csproj", "{B6C3F453-C9F7-4E1B-8164-02BF638DDD68}"
EndProject
Global
	GlobalSection(SolutionConfigurationPlatforms) = preSolution
		Debug|Any CPU = Debug|Any CPU
		Release|Any CPU = Release|Any CPU
	EndGlobalSection
	GlobalSection(ProjectConfigurationPlatforms) = postSolution
		{B6C3F453-C9F7-4E1B-8164-02BF638DDD68}.Debug|Any CPU.ActiveCfg = Debug|Any CPU
		{B6C3F453-C9F7-4E1B-8164-02BF638DDD68}.Debug|Any CPU.Build.0 = Debug|Any CPU
		{B6C3F453-C9F7-4E1B-8164-02BF638DDD68}.Release|Any CPU.ActiveCfg = Release|Any CPU
		{B6C3F453-C9F7-4E1B-8164-02BF638DDD68}.Release|Any CPU.Build.0 = Release|Any CPU
	EndGlobalSection
	GlobalSection(SolutionProperties) = preSolution
		HideSolutionNode = FALSE
	EndGlobalSection
	GlobalSection(ExtensibilityGlobals) = postSolution
		SolutionGuid = {4207EC65-F271-4259-AE83-2BA0A1FC4783}
	EndGlobalSection
EndGlobal
